PODS:
  - MJRefresh (3.7.6)
  - PuzzleKit (0.1.0):
    - SnapKit
  - SnapKit (5.6.0)

DEPENDENCIES:
  - MJRefresh
  - PuzzleKit (from `../`)
  - SnapKit

SPEC REPOS:
  trunk:
    - MJRefresh
    - SnapKit

EXTERNAL SOURCES:
  PuzzleKit:
    :path: "../"

SPEC CHECKSUMS:
  MJRefresh: 2fe7fb43a5167ceda20bb7e63f130c04fd1814a5
  PuzzleKit: bdf75946f449ce7761b55ed389dbbadddffc1a19
  SnapKit: e01d52ebb8ddbc333eefe2132acf85c8227d9c25

PODFILE CHECKSUM: 738199dcdbf3cb4c5d8a7848e4dfa8ea057c0497

COCOAPODS: 1.14.3
